// !$*UTF8*$!
{
	archiveVersion = 1;
	classes = {
	};
	objectVersion = 77;
	objects = {

/* Begin PBXBuildFile section */
		752B41C12D271B46001A90C9 /* MeetingView.swift in Sources */ = {isa = PBXBuildFile; fileRef = 752B41BE2D271B46001A90C9 /* MeetingView.swift */; };
		752B41C22D271B46001A90C9 /* ScrumdingerApp.swift in Sources */ = {isa = PBXBuildFile; fileRef = 752B41BF2D271B46001A90C9 /* ScrumdingerApp.swift */; };
		752B41C32D271B46001A90C9 /* Preview Assets.xcassets in Resources */ = {isa = PBXBuildFile; fileRef = 752B41BB2D271B46001A90C9 /* Preview Assets.xcassets */; };
		752B41C42D271B46001A90C9 /* Assets.xcassets in Resources */ = {isa = PBXBuildFile; fileRef = 752B41BD2D271B46001A90C9 /* Assets.xcassets */; };
		752B41C72D271B53001A90C9 /* Theme.swift in Sources */ = {isa = PBXBuildFile; fileRef = 752B41C62D271B4F001A90C9 /* Theme.swift */; };
		752B41C92D271C58001A90C9 /* DailyScrum.swift in Sources */ = {isa = PBXBuildFile; fileRef = 752B41C82D271C52001A90C9 /* DailyScrum.swift */; };
		752B41CB2D271D17001A90C9 /* CardView.swift in Sources */ = {isa = PBXBuildFile; fileRef = 752B41CA2D271D17001A90C9 /* CardView.swift */; };
		752B41CD2D2721A4001A90C9 /* TrailingIconLabelStyle.swift in Sources */ = {isa = PBXBuildFile; fileRef = 752B41CC2D2721A4001A90C9 /* TrailingIconLabelStyle.swift */; };
		7544EE972D2F9A81001D0218 /* NewScrumSheet.swift in Sources */ = {isa = PBXBuildFile; fileRef = 7544EE962D2F9A81001D0218 /* NewScrumSheet.swift */; };
		7544EE9F2D2FC9F5001D0218 /* History.swift in Sources */ = {isa = PBXBuildFile; fileRef = 7544EE9E2D2FC9F2001D0218 /* History.swift */; };
		75A925E72D27E10500E4B53E /* ScrumsView.swift in Sources */ = {isa = PBXBuildFile; fileRef = 75A925E62D27E10500E4B53E /* ScrumsView.swift */; };
		75A925E92D27FB9D00E4B53E /* DetailView.swift in Sources */ = {isa = PBXBuildFile; fileRef = 75A925E82D27FB9D00E4B53E /* DetailView.swift */; };
		75D70D462D2C32DF00F9B8D4 /* DetailEditView.swift in Sources */ = {isa = PBXBuildFile; fileRef = 75D70D452D2C32DF00F9B8D4 /* DetailEditView.swift */; };
		75D70D4E2D2D3DA300F9B8D4 /* ThemeView.swift in Sources */ = {isa = PBXBuildFile; fileRef = 75D70D4D2D2D3DA300F9B8D4 /* ThemeView.swift */; };
		75D70D502D2D405900F9B8D4 /* ThemePicker.swift in Sources */ = {isa = PBXBuildFile; fileRef = 75D70D4F2D2D405900F9B8D4 /* ThemePicker.swift */; };
		75D70D5E2D2E5B5400F9B8D4 /* MeetingHeaderView.swift in Sources */ = {isa = PBXBuildFile; fileRef = 75D70D5D2D2E5B5400F9B8D4 /* MeetingHeaderView.swift */; };
		75D70D662D2E913600F9B8D4 /* ScrumTimer.swift in Sources */ = {isa = PBXBuildFile; fileRef = 75D70D652D2E913200F9B8D4 /* ScrumTimer.swift */; };
		75D70D682D2E953D00F9B8D4 /* MeetingFooterView.swift in Sources */ = {isa = PBXBuildFile; fileRef = 75D70D672D2E953D00F9B8D4 /* MeetingFooterView.swift */; };
		75D70D6A2D2E97A800F9B8D4 /* AVPlayer+Ding.swift in Sources */ = {isa = PBXBuildFile; fileRef = 75D70D692D2E97A300F9B8D4 /* AVPlayer+Ding.swift */; };
		75D70D6D2D2E986F00F9B8D4 /* ding.wav in Resources */ = {isa = PBXBuildFile; fileRef = 75D70D6B2D2E986F00F9B8D4 /* ding.wav */; };
/* End PBXBuildFile section */

/* Begin PBXContainerItemProxy section */
		752B419F2D269220001A90C9 /* PBXContainerItemProxy */ = {
			isa = PBXContainerItemProxy;
			containerPortal = 752B41862D26921E001A90C9 /* Project object */;
			proxyType = 1;
			remoteGlobalIDString = 752B418D2D26921E001A90C9;
			remoteInfo = Scrumdinger;
		};
		752B41A92D269220001A90C9 /* PBXContainerItemProxy */ = {
			isa = PBXContainerItemProxy;
			containerPortal = 752B41862D26921E001A90C9 /* Project object */;
			proxyType = 1;
			remoteGlobalIDString = 752B418D2D26921E001A90C9;
			remoteInfo = Scrumdinger;
		};
/* End PBXContainerItemProxy section */

/* Begin PBXFileReference section */
		752B418E2D26921E001A90C9 /* Scrumdinger.app */ = {isa = PBXFileReference; explicitFileType = wrapper.application; includeInIndex = 0; path = Scrumdinger.app; sourceTree = BUILT_PRODUCTS_DIR; };
		752B419E2D269220001A90C9 /* ScrumdingerTests.xctest */ = {isa = PBXFileReference; explicitFileType = wrapper.cfbundle; includeInIndex = 0; path = ScrumdingerTests.xctest; sourceTree = BUILT_PRODUCTS_DIR; };
		752B41A82D269220001A90C9 /* ScrumdingerUITests.xctest */ = {isa = PBXFileReference; explicitFileType = wrapper.cfbundle; includeInIndex = 0; path = ScrumdingerUITests.xctest; sourceTree = BUILT_PRODUCTS_DIR; };
		752B41BB2D271B46001A90C9 /* Preview Assets.xcassets */ = {isa = PBXFileReference; lastKnownFileType = folder.assetcatalog; path = "Preview Assets.xcassets"; sourceTree = "<group>"; };
		752B41BD2D271B46001A90C9 /* Assets.xcassets */ = {isa = PBXFileReference; lastKnownFileType = folder.assetcatalog; path = Assets.xcassets; sourceTree = "<group>"; };
		752B41BE2D271B46001A90C9 /* MeetingView.swift */ = {isa = PBXFileReference; lastKnownFileType = sourcecode.swift; path = MeetingView.swift; sourceTree = "<group>"; };
		752B41BF2D271B46001A90C9 /* ScrumdingerApp.swift */ = {isa = PBXFileReference; lastKnownFileType = sourcecode.swift; path = ScrumdingerApp.swift; sourceTree = "<group>"; };
		752B41C62D271B4F001A90C9 /* Theme.swift */ = {isa = PBXFileReference; lastKnownFileType = sourcecode.swift; path = Theme.swift; sourceTree = "<group>"; };
		752B41C82D271C52001A90C9 /* DailyScrum.swift */ = {isa = PBXFileReference; lastKnownFileType = sourcecode.swift; path = DailyScrum.swift; sourceTree = "<group>"; };
		752B41CA2D271D17001A90C9 /* CardView.swift */ = {isa = PBXFileReference; lastKnownFileType = sourcecode.swift; path = CardView.swift; sourceTree = "<group>"; };
		752B41CC2D2721A4001A90C9 /* TrailingIconLabelStyle.swift */ = {isa = PBXFileReference; lastKnownFileType = sourcecode.swift; path = TrailingIconLabelStyle.swift; sourceTree = "<group>"; };
		7544EE962D2F9A81001D0218 /* NewScrumSheet.swift */ = {isa = PBXFileReference; lastKnownFileType = sourcecode.swift; path = NewScrumSheet.swift; sourceTree = "<group>"; };
		7544EE9E2D2FC9F2001D0218 /* History.swift */ = {isa = PBXFileReference; lastKnownFileType = sourcecode.swift; path = History.swift; sourceTree = "<group>"; };
		75A925E62D27E10500E4B53E /* ScrumsView.swift */ = {isa = PBXFileReference; lastKnownFileType = sourcecode.swift; path = ScrumsView.swift; sourceTree = "<group>"; };
		75A925E82D27FB9D00E4B53E /* DetailView.swift */ = {isa = PBXFileReference; lastKnownFileType = sourcecode.swift; path = DetailView.swift; sourceTree = "<group>"; };
		75D70D452D2C32DF00F9B8D4 /* DetailEditView.swift */ = {isa = PBXFileReference; lastKnownFileType = sourcecode.swift; path = DetailEditView.swift; sourceTree = "<group>"; };
		75D70D4D2D2D3DA300F9B8D4 /* ThemeView.swift */ = {isa = PBXFileReference; lastKnownFileType = sourcecode.swift; path = ThemeView.swift; sourceTree = "<group>"; };
		75D70D4F2D2D405900F9B8D4 /* ThemePicker.swift */ = {isa = PBXFileReference; lastKnownFileType = sourcecode.swift; path = ThemePicker.swift; sourceTree = "<group>"; };
		75D70D5D2D2E5B5400F9B8D4 /* MeetingHeaderView.swift */ = {isa = PBXFileReference; lastKnownFileType = sourcecode.swift; path = MeetingHeaderView.swift; sourceTree = "<group>"; };
		75D70D652D2E913200F9B8D4 /* ScrumTimer.swift */ = {isa = PBXFileReference; lastKnownFileType = sourcecode.swift; path = ScrumTimer.swift; sourceTree = "<group>"; };
		75D70D672D2E953D00F9B8D4 /* MeetingFooterView.swift */ = {isa = PBXFileReference; lastKnownFileType = sourcecode.swift; path = MeetingFooterView.swift; sourceTree = "<group>"; };
		75D70D692D2E97A300F9B8D4 /* AVPlayer+Ding.swift */ = {isa = PBXFileReference; lastKnownFileType = sourcecode.swift; path = "AVPlayer+Ding.swift"; sourceTree = "<group>"; };
		75D70D6B2D2E986F00F9B8D4 /* ding.wav */ = {isa = PBXFileReference; lastKnownFileType = audio.wav; path = ding.wav; sourceTree = "<group>"; };
/* End PBXFileReference section */

/* Begin PBXFileSystemSynchronizedRootGroup section */
		752B41A12D269220001A90C9 /* ScrumdingerTests */ = {
			isa = PBXFileSystemSynchronizedRootGroup;
			path = ScrumdingerTests;
			sourceTree = "<group>";
		};
		752B41AB2D269220001A90C9 /* ScrumdingerUITests */ = {
			isa = PBXFileSystemSynchronizedRootGroup;
			path = ScrumdingerUITests;
			sourceTree = "<group>";
		};
/* End PBXFileSystemSynchronizedRootGroup section */

/* Begin PBXFrameworksBuildPhase section */
		752B418B2D26921E001A90C9 /* Frameworks */ = {
			isa = PBXFrameworksBuildPhase;
			buildActionMask = 2147483647;
			files = (
			);
			runOnlyForDeploymentPostprocessing = 0;
		};
		752B419B2D269220001A90C9 /* Frameworks */ = {
			isa = PBXFrameworksBuildPhase;
			buildActionMask = 2147483647;
			files = (
			);
			runOnlyForDeploymentPostprocessing = 0;
		};
		752B41A52D269220001A90C9 /* Frameworks */ = {
			isa = PBXFrameworksBuildPhase;
			buildActionMask = 2147483647;
			files = (
			);
			runOnlyForDeploymentPostprocessing = 0;
		};
/* End PBXFrameworksBuildPhase section */

/* Begin PBXGroup section */
		752B41852D26921E001A90C9 = {
			isa = PBXGroup;
			children = (
				752B41C02D271B46001A90C9 /* Scrumdinger */,
				752B41A12D269220001A90C9 /* ScrumdingerTests */,
				752B41AB2D269220001A90C9 /* ScrumdingerUITests */,
				752B418F2D26921E001A90C9 /* Products */,
			);
			sourceTree = "<group>";
		};
		752B418F2D26921E001A90C9 /* Products */ = {
			isa = PBXGroup;
			children = (
				752B418E2D26921E001A90C9 /* Scrumdinger.app */,
				752B419E2D269220001A90C9 /* ScrumdingerTests.xctest */,
				752B41A82D269220001A90C9 /* ScrumdingerUITests.xctest */,
			);
			name = Products;
			sourceTree = "<group>";
		};
		752B41BC2D271B46001A90C9 /* Preview Content */ = {
			isa = PBXGroup;
			children = (
				752B41BB2D271B46001A90C9 /* Preview Assets.xcassets */,
			);
			path = "Preview Content";
			sourceTree = "<group>";
		};
		752B41C02D271B46001A90C9 /* Scrumdinger */ = {
			isa = PBXGroup;
			children = (
				752B41C52D271B4A001A90C9 /* Models */,
				752B41BC2D271B46001A90C9 /* Preview Content */,
				752B41BD2D271B46001A90C9 /* Assets.xcassets */,
				752B41BE2D271B46001A90C9 /* MeetingView.swift */,
				752B41BF2D271B46001A90C9 /* ScrumdingerApp.swift */,
				752B41CA2D271D17001A90C9 /* CardView.swift */,
				752B41CC2D2721A4001A90C9 /* TrailingIconLabelStyle.swift */,
				75A925E62D27E10500E4B53E /* ScrumsView.swift */,
				75A925E82D27FB9D00E4B53E /* DetailView.swift */,
				75D70D452D2C32DF00F9B8D4 /* DetailEditView.swift */,
				75D70D4D2D2D3DA300F9B8D4 /* ThemeView.swift */,
				75D70D4F2D2D405900F9B8D4 /* ThemePicker.swift */,
				75D70D5D2D2E5B5400F9B8D4 /* MeetingHeaderView.swift */,
				75D70D672D2E953D00F9B8D4 /* MeetingFooterView.swift */,
				75D70D6C2D2E986F00F9B8D4 /* Resources */,
				7544EE962D2F9A81001D0218 /* NewScrumSheet.swift */,
			);
			path = Scrumdinger;
			sourceTree = "<group>";
		};
		752B41C52D271B4A001A90C9 /* Models */ = {
			isa = PBXGroup;
			children = (
				7544EE9E2D2FC9F2001D0218 /* History.swift */,
				75D70D692D2E97A300F9B8D4 /* AVPlayer+Ding.swift */,
				75D70D652D2E913200F9B8D4 /* ScrumTimer.swift */,
				752B41C82D271C52001A90C9 /* DailyScrum.swift */,
				752B41C62D271B4F001A90C9 /* Theme.swift */,
			);
			path = Models;
			sourceTree = "<group>";
		};
		75D70D6C2D2E986F00F9B8D4 /* Resources */ = {
			isa = PBXGroup;
			children = (
				75D70D6B2D2E986F00F9B8D4 /* ding.wav */,
			);
			path = Resources;
			sourceTree = "<group>";
		};
/* End PBXGroup section */

/* Begin PBXNativeTarget section */
		752B418D2D26921E001A90C9 /* Scrumdinger */ = {
			isa = PBXNativeTarget;
			buildConfigurationList = 752B41B22D269220001A90C9 /* Build configuration list for PBXNativeTarget "Scrumdinger" */;
			buildPhases = (
				752B418A2D26921E001A90C9 /* Sources */,
				752B418B2D26921E001A90C9 /* Frameworks */,
				752B418C2D26921E001A90C9 /* Resources */,
			);
			buildRules = (
			);
			dependencies = (
			);
			name = Scrumdinger;
			packageProductDependencies = (
			);
			productName = Scrumdinger;
			productReference = 752B418E2D26921E001A90C9 /* Scrumdinger.app */;
			productType = "com.apple.product-type.application";
		};
		752B419D2D269220001A90C9 /* ScrumdingerTests */ = {
			isa = PBXNativeTarget;
			buildConfigurationList = 752B41B52D269220001A90C9 /* Build configuration list for PBXNativeTarget "ScrumdingerTests" */;
			buildPhases = (
				752B419A2D269220001A90C9 /* Sources */,
				752B419B2D269220001A90C9 /* Frameworks */,
				752B419C2D269220001A90C9 /* Resources */,
			);
			buildRules = (
			);
			dependencies = (
				752B41A02D269220001A90C9 /* PBXTargetDependency */,
			);
			fileSystemSynchronizedGroups = (
				752B41A12D269220001A90C9 /* ScrumdingerTests */,
			);
			name = ScrumdingerTests;
			packageProductDependencies = (
			);
			productName = ScrumdingerTests;
			productReference = 752B419E2D269220001A90C9 /* ScrumdingerTests.xctest */;
			productType = "com.apple.product-type.bundle.unit-test";
		};
		752B41A72D269220001A90C9 /* ScrumdingerUITests */ = {
			isa = PBXNativeTarget;
			buildConfigurationList = 752B41B82D269220001A90C9 /* Build configuration list for PBXNativeTarget "ScrumdingerUITests" */;
			buildPhases = (
				752B41A42D269220001A90C9 /* Sources */,
				752B41A52D269220001A90C9 /* Frameworks */,
				752B41A62D269220001A90C9 /* Resources */,
			);
			buildRules = (
			);
			dependencies = (
				752B41AA2D269220001A90C9 /* PBXTargetDependency */,
			);
			fileSystemSynchronizedGroups = (
				752B41AB2D269220001A90C9 /* ScrumdingerUITests */,
			);
			name = ScrumdingerUITests;
			packageProductDependencies = (
			);
			productName = ScrumdingerUITests;
			productReference = 752B41A82D269220001A90C9 /* ScrumdingerUITests.xctest */;
			productType = "com.apple.product-type.bundle.ui-testing";
		};
/* End PBXNativeTarget section */

/* Begin PBXProject section */
		752B41862D26921E001A90C9 /* Project object */ = {
			isa = PBXProject;
			attributes = {
				BuildIndependentTargetsInParallel = 1;
				LastSwiftUpdateCheck = 1610;
				LastUpgradeCheck = 1610;
				TargetAttributes = {
					752B418D2D26921E001A90C9 = {
						CreatedOnToolsVersion = 16.1;
					};
					752B419D2D269220001A90C9 = {
						CreatedOnToolsVersion = 16.1;
						TestTargetID = 752B418D2D26921E001A90C9;
					};
					752B41A72D269220001A90C9 = {
						CreatedOnToolsVersion = 16.1;
						TestTargetID = 752B418D2D26921E001A90C9;
					};
				};
			};
			buildConfigurationList = 752B41892D26921E001A90C9 /* Build configuration list for PBXProject "Scrumdinger" */;
			developmentRegion = en;
			hasScannedForEncodings = 0;
			knownRegions = (
				en,
				Base,
			);
			mainGroup = 752B41852D26921E001A90C9;
			minimizedProjectReferenceProxies = 1;
			preferredProjectObjectVersion = 77;
			productRefGroup = 752B418F2D26921E001A90C9 /* Products */;
			projectDirPath = "";
			projectRoot = "";
			targets = (
				752B418D2D26921E001A90C9 /* Scrumdinger */,
				752B419D2D269220001A90C9 /* ScrumdingerTests */,
				752B41A72D269220001A90C9 /* ScrumdingerUITests */,
			);
		};
/* End PBXProject section */

/* Begin PBXResourcesBuildPhase section */
		752B418C2D26921E001A90C9 /* Resources */ = {
			isa = PBXResourcesBuildPhase;
			buildActionMask = 2147483647;
			files = (
				75D70D6D2D2E986F00F9B8D4 /* ding.wav in Resources */,
				752B41C32D271B46001A90C9 /* Preview Assets.xcassets in Resources */,
				752B41C42D271B46001A90C9 /* Assets.xcassets in Resources */,
			);
			runOnlyForDeploymentPostprocessing = 0;
		};
		752B419C2D269220001A90C9 /* Resources */ = {
			isa = PBXResourcesBuildPhase;
			buildActionMask = 2147483647;
			files = (
			);
			runOnlyForDeploymentPostprocessing = 0;
		};
		752B41A62D269220001A90C9 /* Resources */ = {
			isa = PBXResourcesBuildPhase;
			buildActionMask = 2147483647;
			files = (
			);
			runOnlyForDeploymentPostprocessing = 0;
		};
/* End PBXResourcesBuildPhase section */

/* Begin PBXSourcesBuildPhase section */
		752B418A2D26921E001A90C9 /* Sources */ = {
			isa = PBXSourcesBuildPhase;
			buildActionMask = 2147483647;
			files = (
				7544EE9F2D2FC9F5001D0218 /* History.swift in Sources */,
				75D70D502D2D405900F9B8D4 /* ThemePicker.swift in Sources */,
				752B41C92D271C58001A90C9 /* DailyScrum.swift in Sources */,
				75A925E92D27FB9D00E4B53E /* DetailView.swift in Sources */,
				75D70D682D2E953D00F9B8D4 /* MeetingFooterView.swift in Sources */,
				75D70D6A2D2E97A800F9B8D4 /* AVPlayer+Ding.swift in Sources */,
				75D70D5E2D2E5B5400F9B8D4 /* MeetingHeaderView.swift in Sources */,
				75D70D462D2C32DF00F9B8D4 /* DetailEditView.swift in Sources */,
				752B41CD2D2721A4001A90C9 /* TrailingIconLabelStyle.swift in Sources */,
				752B41C72D271B53001A90C9 /* Theme.swift in Sources */,
				75A925E72D27E10500E4B53E /* ScrumsView.swift in Sources */,
				752B41C12D271B46001A90C9 /* MeetingView.swift in Sources */,
				7544EE972D2F9A81001D0218 /* NewScrumSheet.swift in Sources */,
				752B41C22D271B46001A90C9 /* ScrumdingerApp.swift in Sources */,
				75D70D4E2D2D3DA300F9B8D4 /* ThemeView.swift in Sources */,
				752B41CB2D271D17001A90C9 /* CardView.swift in Sources */,
				75D70D662D2E913600F9B8D4 /* ScrumTimer.swift in Sources */,
			);
			runOnlyForDeploymentPostprocessing = 0;
		};
		752B419A2D269220001A90C9 /* Sources */ = {
			isa = PBXSourcesBuildPhase;
			buildActionMask = 2147483647;
			files = (
			);
			runOnlyForDeploymentPostprocessing = 0;
		};
		752B41A42D269220001A90C9 /* Sources */ = {
			isa = PBXSourcesBuildPhase;
			buildActionMask = 2147483647;
			files = (
			);
			runOnlyForDeploymentPostprocessing = 0;
		};
/* End PBXSourcesBuildPhase section */

/* Begin PBXTargetDependency section */
		752B41A02D269220001A90C9 /* PBXTargetDependency */ = {
			isa = PBXTargetDependency;
			target = 752B418D2D26921E001A90C9 /* Scrumdinger */;
			targetProxy = 752B419F2D269220001A90C9 /* PBXContainerItemProxy */;
		};
		752B41AA2D269220001A90C9 /* PBXTargetDependency */ = {
			isa = PBXTargetDependency;
			target = 752B418D2D26921E001A90C9 /* Scrumdinger */;
			targetProxy = 752B41A92D269220001A90C9 /* PBXContainerItemProxy */;
		};
/* End PBXTargetDependency section */

/* Begin XCBuildConfiguration section */
		752B41B02D269220001A90C9 /* Debug */ = {
			isa = XCBuildConfiguration;
			buildSettings = {
				ALWAYS_SEARCH_USER_PATHS = NO;
				ASSETCATALOG_COMPILER_GENERATE_SWIFT_ASSET_SYMBOL_EXTENSIONS = YES;
				CLANG_ANALYZER_NONNULL = YES;
				CLANG_ANALYZER_NUMBER_OBJECT_CONVERSION = YES_AGGRESSIVE;
				CLANG_CXX_LANGUAGE_STANDARD = "gnu++20";
				CLANG_ENABLE_MODULES = YES;
				CLANG_ENABLE_OBJC_ARC = YES;
				CLANG_ENABLE_OBJC_WEAK = YES;
				CLANG_WARN_BLOCK_CAPTURE_AUTORELEASING = YES;
				CLANG_WARN_BOOL_CONVERSION = YES;
				CLANG_WARN_COMMA = YES;
				CLANG_WARN_CONSTANT_CONVERSION = YES;
				CLANG_WARN_DEPRECATED_OBJC_IMPLEMENTATIONS = YES;
				CLANG_WARN_DIRECT_OBJC_ISA_USAGE = YES_ERROR;
				CLANG_WARN_DOCUMENTATION_COMMENTS = YES;
				CLANG_WARN_EMPTY_BODY = YES;
				CLANG_WARN_ENUM_CONVERSION = YES;
				CLANG_WARN_INFINITE_RECURSION = YES;
				CLANG_WARN_INT_CONVERSION = YES;
				CLANG_WARN_NON_LITERAL_NULL_CONVERSION = YES;
				CLANG_WARN_OBJC_IMPLICIT_RETAIN_SELF = YES;
				CLANG_WARN_OBJC_LITERAL_CONVERSION = YES;
				CLANG_WARN_OBJC_ROOT_CLASS = YES_ERROR;
				CLANG_WARN_QUOTED_INCLUDE_IN_FRAMEWORK_HEADER = YES;
				CLANG_WARN_RANGE_LOOP_ANALYSIS = YES;
				CLANG_WARN_STRICT_PROTOTYPES = YES;
				CLANG_WARN_SUSPICIOUS_MOVE = YES;
				CLANG_WARN_UNGUARDED_AVAILABILITY = YES_AGGRESSIVE;
				CLANG_WARN_UNREACHABLE_CODE = YES;
				CLANG_WARN__DUPLICATE_METHOD_MATCH = YES;
				COPY_PHASE_STRIP = NO;
				DEBUG_INFORMATION_FORMAT = dwarf;
				ENABLE_STRICT_OBJC_MSGSEND = YES;
				ENABLE_TESTABILITY = YES;
				ENABLE_USER_SCRIPT_SANDBOXING = YES;
				GCC_C_LANGUAGE_STANDARD = gnu17;
				GCC_DYNAMIC_NO_PIC = NO;
				GCC_NO_COMMON_BLOCKS = YES;
				GCC_OPTIMIZATION_LEVEL = 0;
				GCC_PREPROCESSOR_DEFINITIONS = (
					"DEBUG=1",
					"$(inherited)",
				);
				GCC_WARN_64_TO_32_BIT_CONVERSION = YES;
				GCC_WARN_ABOUT_RETURN_TYPE = YES_ERROR;
				GCC_WARN_UNDECLARED_SELECTOR = YES;
				GCC_WARN_UNINITIALIZED_AUTOS = YES_AGGRESSIVE;
				GCC_WARN_UNUSED_FUNCTION = YES;
				GCC_WARN_UNUSED_VARIABLE = YES;
				IPHONEOS_DEPLOYMENT_TARGET = 18.1;
				LOCALIZATION_PREFERS_STRING_CATALOGS = YES;
				MTL_ENABLE_DEBUG_INFO = INCLUDE_SOURCE;
				MTL_FAST_MATH = YES;
				ONLY_ACTIVE_ARCH = YES;
				SDKROOT = iphoneos;
				SWIFT_ACTIVE_COMPILATION_CONDITIONS = "DEBUG $(inherited)";
				SWIFT_OPTIMIZATION_LEVEL = "-Onone";
			};
			name = Debug;
		};
		752B41B12D269220001A90C9 /* Release */ = {
			isa = XCBuildConfiguration;
			buildSettings = {
				ALWAYS_SEARCH_USER_PATHS = NO;
				ASSETCATALOG_COMPILER_GENERATE_SWIFT_ASSET_SYMBOL_EXTENSIONS = YES;
				CLANG_ANALYZER_NONNULL = YES;
				CLANG_ANALYZER_NUMBER_OBJECT_CONVERSION = YES_AGGRESSIVE;
				CLANG_CXX_LANGUAGE_STANDARD = "gnu++20";
				CLANG_ENABLE_MODULES = YES;
				CLANG_ENABLE_OBJC_ARC = YES;
				CLANG_ENABLE_OBJC_WEAK = YES;
				CLANG_WARN_BLOCK_CAPTURE_AUTORELEASING = YES;
				CLANG_WARN_BOOL_CONVERSION = YES;
				CLANG_WARN_COMMA = YES;
				CLANG_WARN_CONSTANT_CONVERSION = YES;
				CLANG_WARN_DEPRECATED_OBJC_IMPLEMENTATIONS = YES;
				CLANG_WARN_DIRECT_OBJC_ISA_USAGE = YES_ERROR;
				CLANG_WARN_DOCUMENTATION_COMMENTS = YES;
				CLANG_WARN_EMPTY_BODY = YES;
				CLANG_WARN_ENUM_CONVERSION = YES;
				CLANG_WARN_INFINITE_RECURSION = YES;
				CLANG_WARN_INT_CONVERSION = YES;
				CLANG_WARN_NON_LITERAL_NULL_CONVERSION = YES;
				CLANG_WARN_OBJC_IMPLICIT_RETAIN_SELF = YES;
				CLANG_WARN_OBJC_LITERAL_CONVERSION = YES;
				CLANG_WARN_OBJC_ROOT_CLASS = YES_ERROR;
				CLANG_WARN_QUOTED_INCLUDE_IN_FRAMEWORK_HEADER = YES;
				CLANG_WARN_RANGE_LOOP_ANALYSIS = YES;
				CLANG_WARN_STRICT_PROTOTYPES = YES;
				CLANG_WARN_SUSPICIOUS_MOVE = YES;
				CLANG_WARN_UNGUARDED_AVAILABILITY = YES_AGGRESSIVE;
				CLANG_WARN_UNREACHABLE_CODE = YES;
				CLANG_WARN__DUPLICATE_METHOD_MATCH = YES;
				COPY_PHASE_STRIP = NO;
				DEBUG_INFORMATION_FORMAT = "dwarf-with-dsym";
				ENABLE_NS_ASSERTIONS = NO;
				ENABLE_STRICT_OBJC_MSGSEND = YES;
				ENABLE_USER_SCRIPT_SANDBOXING = YES;
				GCC_C_LANGUAGE_STANDARD = gnu17;
				GCC_NO_COMMON_BLOCKS = YES;
				GCC_WARN_64_TO_32_BIT_CONVERSION = YES;
				GCC_WARN_ABOUT_RETURN_TYPE = YES_ERROR;
				GCC_WARN_UNDECLARED_SELECTOR = YES;
				GCC_WARN_UNINITIALIZED_AUTOS = YES_AGGRESSIVE;
				GCC_WARN_UNUSED_FUNCTION = YES;
				GCC_WARN_UNUSED_VARIABLE = YES;
				IPHONEOS_DEPLOYMENT_TARGET = 18.1;
				LOCALIZATION_PREFERS_STRING_CATALOGS = YES;
				MTL_ENABLE_DEBUG_INFO = NO;
				MTL_FAST_MATH = YES;
				SDKROOT = iphoneos;
				SWIFT_COMPILATION_MODE = wholemodule;
				VALIDATE_PRODUCT = YES;
			};
			name = Release;
		};
		752B41B32D269220001A90C9 /* Debug */ = {
			isa = XCBuildConfiguration;
			buildSettings = {
				ASSETCATALOG_COMPILER_APPICON_NAME = AppIcon;
				ASSETCATALOG_COMPILER_GLOBAL_ACCENT_COLOR_NAME = AccentColor;
				CODE_SIGN_STYLE = Automatic;
				CURRENT_PROJECT_VERSION = 1;
				DEVELOPMENT_ASSET_PATHS = "\"Scrumdinger/Preview Content\"";
				DEVELOPMENT_TEAM = 29QHZAJ863;
				ENABLE_PREVIEWS = YES;
				GENERATE_INFOPLIST_FILE = YES;
				INFOPLIST_KEY_UIApplicationSceneManifest_Generation = YES;
				INFOPLIST_KEY_UIApplicationSupportsIndirectInputEvents = YES;
				INFOPLIST_KEY_UILaunchScreen_Generation = YES;
				INFOPLIST_KEY_UISupportedInterfaceOrientations_iPad = "UIInterfaceOrientationPortrait UIInterfaceOrientationPortraitUpsideDown UIInterfaceOrientationLandscapeLeft UIInterfaceOrientationLandscapeRight";
				INFOPLIST_KEY_UISupportedInterfaceOrientations_iPhone = "UIInterfaceOrientationPortrait UIInterfaceOrientationLandscapeLeft UIInterfaceOrientationLandscapeRight";
				LD_RUNPATH_SEARCH_PATHS = (
					"$(inherited)",
					"@executable_path/Frameworks",
				);
				MARKETING_VERSION = 1.0;
				PRODUCT_BUNDLE_IDENTIFIER = com.tguzeldev.Scrumdinger;
				PRODUCT_NAME = "$(TARGET_NAME)";
				SWIFT_EMIT_LOC_STRINGS = YES;
				SWIFT_VERSION = 5.0;
				TARGETED_DEVICE_FAMILY = "1,2";
			};
			name = Debug;
		};
		752B41B42D269220001A90C9 /* Release */ = {
			isa = XCBuildConfiguration;
			buildSettings = {
				ASSETCATALOG_COMPILER_APPICON_NAME = AppIcon;
				ASSETCATALOG_COMPILER_GLOBAL_ACCENT_COLOR_NAME = AccentColor;
				CODE_SIGN_STYLE = Automatic;
				CURRENT_PROJECT_VERSION = 1;
				DEVELOPMENT_ASSET_PATHS = "\"Scrumdinger/Preview Content\"";
				DEVELOPMENT_TEAM = 29QHZAJ863;
				ENABLE_PREVIEWS = YES;
				GENERATE_INFOPLIST_FILE = YES;
				INFOPLIST_KEY_UIApplicationSceneManifest_Generation = YES;
				INFOPLIST_KEY_UIApplicationSupportsIndirectInputEvents = YES;
				INFOPLIST_KEY_UILaunchScreen_Generation = YES;
				INFOPLIST_KEY_UISupportedInterfaceOrientations_iPad = "UIInterfaceOrientationPortrait UIInterfaceOrientationPortraitUpsideDown UIInterfaceOrientationLandscapeLeft UIInterfaceOrientationLandscapeRight";
				INFOPLIST_KEY_UISupportedInterfaceOrientations_iPhone = "UIInterfaceOrientationPortrait UIInterfaceOrientationLandscapeLeft UIInterfaceOrientationLandscapeRight";
				LD_RUNPATH_SEARCH_PATHS = (
					"$(inherited)",
					"@executable_path/Frameworks",
				);
				MARKETING_VERSION = 1.0;
				PRODUCT_BUNDLE_IDENTIFIER = com.tguzeldev.Scrumdinger;
				PRODUCT_NAME = "$(TARGET_NAME)";
				SWIFT_EMIT_LOC_STRINGS = YES;
				SWIFT_VERSION = 5.0;
				TARGETED_DEVICE_FAMILY = "1,2";
			};
			name = Release;
		};
		752B41B62D269220001A90C9 /* Debug */ = {
			isa = XCBuildConfiguration;
			buildSettings = {
				BUNDLE_LOADER = "$(TEST_HOST)";
				CODE_SIGN_STYLE = Automatic;
				CURRENT_PROJECT_VERSION = 1;
				DEVELOPMENT_TEAM = 29QHZAJ863;
				GENERATE_INFOPLIST_FILE = YES;
				IPHONEOS_DEPLOYMENT_TARGET = 18.1;
				MARKETING_VERSION = 1.0;
				PRODUCT_BUNDLE_IDENTIFIER = com.tguzeldev.ScrumdingerTests;
				PRODUCT_NAME = "$(TARGET_NAME)";
				SWIFT_EMIT_LOC_STRINGS = NO;
				SWIFT_VERSION = 5.0;
				TARGETED_DEVICE_FAMILY = "1,2";
				TEST_HOST = "$(BUILT_PRODUCTS_DIR)/Scrumdinger.app/$(BUNDLE_EXECUTABLE_FOLDER_PATH)/Scrumdinger";
			};
			name = Debug;
		};
		752B41B72D269220001A90C9 /* Release */ = {
			isa = XCBuildConfiguration;
			buildSettings = {
				BUNDLE_LOADER = "$(TEST_HOST)";
				CODE_SIGN_STYLE = Automatic;
				CURRENT_PROJECT_VERSION = 1;
				DEVELOPMENT_TEAM = 29QHZAJ863;
				GENERATE_INFOPLIST_FILE = YES;
				IPHONEOS_DEPLOYMENT_TARGET = 18.1;
				MARKETING_VERSION = 1.0;
				PRODUCT_BUNDLE_IDENTIFIER = com.tguzeldev.ScrumdingerTests;
				PRODUCT_NAME = "$(TARGET_NAME)";
				SWIFT_EMIT_LOC_STRINGS = NO;
				SWIFT_VERSION = 5.0;
				TARGETED_DEVICE_FAMILY = "1,2";
				TEST_HOST = "$(BUILT_PRODUCTS_DIR)/Scrumdinger.app/$(BUNDLE_EXECUTABLE_FOLDER_PATH)/Scrumdinger";
			};
			name = Release;
		};
		752B41B92D269220001A90C9 /* Debug */ = {
			isa = XCBuildConfiguration;
			buildSettings = {
				CODE_SIGN_STYLE = Automatic;
				CURRENT_PROJECT_VERSION = 1;
				DEVELOPMENT_TEAM = 29QHZAJ863;
				GENERATE_INFOPLIST_FILE = YES;
				MARKETING_VERSION = 1.0;
				PRODUCT_BUNDLE_IDENTIFIER = com.tguzeldev.ScrumdingerUITests;
				PRODUCT_NAME = "$(TARGET_NAME)";
				SWIFT_EMIT_LOC_STRINGS = NO;
				SWIFT_VERSION = 5.0;
				TARGETED_DEVICE_FAMILY = "1,2";
				TEST_TARGET_NAME = Scrumdinger;
			};
			name = Debug;
		};
		752B41BA2D269220001A90C9 /* Release */ = {
			isa = XCBuildConfiguration;
			buildSettings = {
				CODE_SIGN_STYLE = Automatic;
				CURRENT_PROJECT_VERSION = 1;
				DEVELOPMENT_TEAM = 29QHZAJ863;
				GENERATE_INFOPLIST_FILE = YES;
				MARKETING_VERSION = 1.0;
				PRODUCT_BUNDLE_IDENTIFIER = com.tguzeldev.ScrumdingerUITests;
				PRODUCT_NAME = "$(TARGET_NAME)";
				SWIFT_EMIT_LOC_STRINGS = NO;
				SWIFT_VERSION = 5.0;
				TARGETED_DEVICE_FAMILY = "1,2";
				TEST_TARGET_NAME = Scrumdinger;
			};
			name = Release;
		};
/* End XCBuildConfiguration section */

/* Begin XCConfigurationList section */
		752B41892D26921E001A90C9 /* Build configuration list for PBXProject "Scrumdinger" */ = {
			isa = XCConfigurationList;
			buildConfigurations = (
				752B41B02D269220001A90C9 /* Debug */,
				752B41B12D269220001A90C9 /* Release */,
			);
			defaultConfigurationIsVisible = 0;
			defaultConfigurationName = Release;
		};
		752B41B22D269220001A90C9 /* Build configuration list for PBXNativeTarget "Scrumdinger" */ = {
			isa = XCConfigurationList;
			buildConfigurations = (
				752B41B32D269220001A90C9 /* Debug */,
				752B41B42D269220001A90C9 /* Release */,
			);
			defaultConfigurationIsVisible = 0;
			defaultConfigurationName = Release;
		};
		752B41B52D269220001A90C9 /* Build configuration list for PBXNativeTarget "ScrumdingerTests" */ = {
			isa = XCConfigurationList;
			buildConfigurations = (
				752B41B62D269220001A90C9 /* Debug */,
				752B41B72D269220001A90C9 /* Release */,
			);
			defaultConfigurationIsVisible = 0;
			defaultConfigurationName = Release;
		};
		752B41B82D269220001A90C9 /* Build configuration list for PBXNativeTarget "ScrumdingerUITests" */ = {
			isa = XCConfigurationList;
			buildConfigurations = (
				752B41B92D269220001A90C9 /* Debug */,
				752B41BA2D269220001A90C9 /* Release */,
			);
			defaultConfigurationIsVisible = 0;
			defaultConfigurationName = Release;
		};
/* End XCConfigurationList section */
	};
	rootObject = 752B41862D26921E001A90C9 /* Project object */;
}
